
Microsoft Visual Studio Solution File, Format Version 12.00
# Visual Studio Version 17
VisualStudioVersion = 17.9.34616.47
MinimumVisualStudioVersion = 10.0.40219.1
Project("{9A19103F-16F7-4668-BE54-9A1E7A4F7556}") = "Proyecto_Api", "Proyecto_Api\Proyecto_Api.csproj", "{1E150363-8262-4380-87C8-D713BE91B6CB}"
EndProject
Global
	GlobalSection(SolutionConfigurationPlatforms) = preSolution
		Debug|Any CPU = Debug|Any CPU
		Release|Any CPU = Release|Any CPU
	EndGlobalSection
	GlobalSection(ProjectConfigurationPlatforms) = postSolution
		{1E150363-8262-4380-87C8-D713BE91B6CB}.Debug|Any CPU.ActiveCfg = Debug|Any CPU
		{1E150363-8262-4380-87C8-D713BE91B6CB}.Debug|Any CPU.Build.0 = Debug|Any CPU
		{1E150363-8262-4380-87C8-D713BE91B6CB}.Release|Any CPU.ActiveCfg = Release|Any CPU
		{1E150363-8262-4380-87C8-D713BE91B6CB}.Release|Any CPU.Build.0 = Release|Any CPU
	EndGlobalSection
	GlobalSection(SolutionProperties) = preSolution
		HideSolutionNode = FALSE
	EndGlobalSection
	GlobalSection(ExtensibilityGlobals) = postSolution
		SolutionGuid = {11AA855A-4142-4341-822F-ABA0913DB170}
	EndGlobalSection
EndGlobal
